
Microsoft Visual Studio Solution File, Format Version 12.00
# Visual Studio Version 16
VisualStudioVersion = 16.0.30309.148
MinimumVisualStudioVersion = 10.0.40219.1
Project("{FAE04EC0-301F-11D3-BF4B-00C04F79EFBC}") = "GomokuDemo", "GomokuDemo.csproj", "{0A042716-D01A-4D1D-835D-BE0DE85E27CE}"
EndProject
Global
	GlobalSection(SolutionConfigurationPlatforms) = preSolution
		Debug|Any CPU = Debug|Any CPU
		Release|Any CPU = Release|Any CPU
	EndGlobalSection
	GlobalSection(ProjectConfigurationPlatforms) = postSolution
		{0A042716-D01A-4D1D-835D-BE0DE85E27CE}.Debug|Any CPU.ActiveCfg = Debug|Any CPU
		{0A042716-D01A-4D1D-835D-BE0DE85E27CE}.Debug|Any CPU.Build.0 = Debug|Any CPU
		{0A042716-D01A-4D1D-835D-BE0DE85E27CE}.Release|Any CPU.ActiveCfg = Release|Any CPU
		{0A042716-D01A-4D1D-835D-BE0DE85E27CE}.Release|Any CPU.Build.0 = Release|Any CPU
	EndGlobalSection
	GlobalSection(SolutionProperties) = preSolution
		HideSolutionNode = FALSE
	EndGlobalSection
	GlobalSection(ExtensibilityGlobals) = postSolution
		SolutionGuid = {AF971AD1-7406-4693-942E-87C5CF104169}
	EndGlobalSection
EndGlobal
